
Microsoft Visual Studio Solution File, Format Version 12.00
# Visual Studio Version 17
VisualStudioVersion = 17.14.36127.28
MinimumVisualStudioVersion = 10.0.40219.1
Project("{FAE04EC0-301F-11D3-BF4B-00C04F79EFBC}") = "Shuttle.Pigeon", "Shuttle.Pigeon\Shuttle.Pigeon.csproj", "{A1316031-CB4B-4999-80F7-F4D8A79FD072}"
EndProject
Project("{FAE04EC0-301F-11D3-BF4B-00C04F79EFBC}") = "Shuttle.Pigeon.Data", "Shuttle.Pigeon.Data\Shuttle.Pigeon.Data.csproj", "{5033C0EA-5802-4B30-903E-F516901B8837}"
EndProject
Project("{FAE04EC0-301F-11D3-BF4B-00C04F79EFBC}") = "Shuttle.Pigeon.Messages", "Shuttle.Pigeon.Messages\Shuttle.Pigeon.Messages.csproj", "{57DC95C5-4D57-417E-889F-DB2DEFCE9D32}"
EndProject
Project("{FAE04EC0-301F-11D3-BF4B-00C04F79EFBC}") = "Shuttle.Pigeon.Server", "Shuttle.Pigeon.Server\Shuttle.Pigeon.Server.csproj", "{33E20A76-5BD5-4316-9375-8E0EE10BF858}"
EndProject
Project("{FAE04EC0-301F-11D3-BF4B-00C04F79EFBC}") = "Shuttle.Pigeon.Smtp", "Shuttle.Pigeon.Smtp\Shuttle.Pigeon.Smtp.csproj", "{5069CA25-D1D2-4149-A658-40D4FCA6CD91}"
EndProject
Project("{FAE04EC0-301F-11D3-BF4B-00C04F79EFBC}") = "Shuttle.Pigeon.Postmark", "Shuttle.Pigeon.Postmark\Shuttle.Pigeon.Postmark.csproj", "{0A6A2586-A2AC-4AD5-A18C-B6B1708027AB}"
EndProject
Project("{FAE04EC0-301F-11D3-BF4B-00C04F79EFBC}") = "Shuttle.Pigeon.WebApi", "Shuttle.Pigeon.WebApi\Shuttle.Pigeon.WebApi.csproj", "{668D5936-0568-4A4E-8497-C4F6D7F42214}"
EndProject
Project("{FAE04EC0-301F-11D3-BF4B-00C04F79EFBC}") = "Shuttle.Pigeon.Tests", "Shuttle.Pigeon.Tests\Shuttle.Pigeon.Tests.csproj", "{94FA8A9A-7B8E-4B47-9E0C-F1DF91971CC2}"
EndProject
Project("{FAE04EC0-301F-11D3-BF4B-00C04F79EFBC}") = "Shuttle.Pigeon.SendGrid", "Shuttle.Pigeon.SendGrid\Shuttle.Pigeon.SendGrid.csproj", "{5A4091B7-D3F4-4EA8-B6BB-A39C9AE22629}"
EndProject
Project("{FAE04EC0-301F-11D3-BF4B-00C04F79EFBC}") = "Shuttle.Pigeon.RestClient", "Shuttle.Pigeon.RestClient\Shuttle.Pigeon.RestClient.csproj", "{C25944DD-68C1-4F24-83CD-5A623C7A15CC}"
EndProject
Project("{2150E333-8FDC-42A3-9474-1A3956D46DE8}") = "Solution Items", "Solution Items", "{8EC462FD-D22E-90A8-E5CE-7E832BA40C5D}"
	ProjectSection(SolutionItems) = preProject
		LICENSE = LICENSE
		README.md = README.md
	EndProjectSection
EndProject
Project("{2150E333-8FDC-42A3-9474-1A3956D46DE8}") = ".package", ".package", "{02EA681E-C7D8-13C7-8484-4AC65E1B71E8}"
	ProjectSection(SolutionItems) = preProject
		.package\docker-push.cmd = .package\docker-push.cmd
		.package\dockerfile-linux-sqlserver-demo = .package\dockerfile-linux-sqlserver-demo
		.package\dockerfile-server = .package\dockerfile-server
		.package\dockerfile-webapi = .package\dockerfile-webapi
		.package\package.msbuild = .package\package.msbuild
		.package\server-appsettings.json = .package\server-appsettings.json
		.package\webapi-appsettings.json = .package\webapi-appsettings.json
	EndProjectSection
EndProject
Global
	GlobalSection(SolutionConfigurationPlatforms) = preSolution
		Debug|Any CPU = Debug|Any CPU
		Release|Any CPU = Release|Any CPU
	EndGlobalSection
	GlobalSection(ProjectConfigurationPlatforms) = postSolution
		{A1316031-CB4B-4999-80F7-F4D8A79FD072}.Debug|Any CPU.ActiveCfg = Debug|Any CPU
		{A1316031-CB4B-4999-80F7-F4D8A79FD072}.Debug|Any CPU.Build.0 = Debug|Any CPU
		{A1316031-CB4B-4999-80F7-F4D8A79FD072}.Release|Any CPU.ActiveCfg = Release|Any CPU
		{A1316031-CB4B-4999-80F7-F4D8A79FD072}.Release|Any CPU.Build.0 = Release|Any CPU
		{5033C0EA-5802-4B30-903E-F516901B8837}.Debug|Any CPU.ActiveCfg = Debug|Any CPU
		{5033C0EA-5802-4B30-903E-F516901B8837}.Debug|Any CPU.Build.0 = Debug|Any CPU
		{5033C0EA-5802-4B30-903E-F516901B8837}.Release|Any CPU.ActiveCfg = Release|Any CPU
		{5033C0EA-5802-4B30-903E-F516901B8837}.Release|Any CPU.Build.0 = Release|Any CPU
		{57DC95C5-4D57-417E-889F-DB2DEFCE9D32}.Debug|Any CPU.ActiveCfg = Debug|Any CPU
		{57DC95C5-4D57-417E-889F-DB2DEFCE9D32}.Debug|Any CPU.Build.0 = Debug|Any CPU
		{57DC95C5-4D57-417E-889F-DB2DEFCE9D32}.Release|Any CPU.ActiveCfg = Release|Any CPU
		{57DC95C5-4D57-417E-889F-DB2DEFCE9D32}.Release|Any CPU.Build.0 = Release|Any CPU
		{33E20A76-5BD5-4316-9375-8E0EE10BF858}.Debug|Any CPU.ActiveCfg = Debug|Any CPU
		{33E20A76-5BD5-4316-9375-8E0EE10BF858}.Debug|Any CPU.Build.0 = Debug|Any CPU
		{33E20A76-5BD5-4316-9375-8E0EE10BF858}.Release|Any CPU.ActiveCfg = Release|Any CPU
		{33E20A76-5BD5-4316-9375-8E0EE10BF858}.Release|Any CPU.Build.0 = Release|Any CPU
		{5069CA25-D1D2-4149-A658-40D4FCA6CD91}.Debug|Any CPU.ActiveCfg = Debug|Any CPU
		{5069CA25-D1D2-4149-A658-40D4FCA6CD91}.Debug|Any CPU.Build.0 = Debug|Any CPU
		{5069CA25-D1D2-4149-A658-40D4FCA6CD91}.Release|Any CPU.ActiveCfg = Release|Any CPU
		{5069CA25-D1D2-4149-A658-40D4FCA6CD91}.Release|Any CPU.Build.0 = Release|Any CPU
		{0A6A2586-A2AC-4AD5-A18C-B6B1708027AB}.Debug|Any CPU.ActiveCfg = Debug|Any CPU
		{0A6A2586-A2AC-4AD5-A18C-B6B1708027AB}.Debug|Any CPU.Build.0 = Debug|Any CPU
		{0A6A2586-A2AC-4AD5-A18C-B6B1708027AB}.Release|Any CPU.ActiveCfg = Release|Any CPU
		{0A6A2586-A2AC-4AD5-A18C-B6B1708027AB}.Release|Any CPU.Build.0 = Release|Any CPU
		{668D5936-0568-4A4E-8497-C4F6D7F42214}.Debug|Any CPU.ActiveCfg = Debug|Any CPU
		{668D5936-0568-4A4E-8497-C4F6D7F42214}.Debug|Any CPU.Build.0 = Debug|Any CPU
		{668D5936-0568-4A4E-8497-C4F6D7F42214}.Release|Any CPU.ActiveCfg = Release|Any CPU
		{668D5936-0568-4A4E-8497-C4F6D7F42214}.Release|Any CPU.Build.0 = Release|Any CPU
		{94FA8A9A-7B8E-4B47-9E0C-F1DF91971CC2}.Debug|Any CPU.ActiveCfg = Debug|Any CPU
		{94FA8A9A-7B8E-4B47-9E0C-F1DF91971CC2}.Debug|Any CPU.Build.0 = Debug|Any CPU
		{94FA8A9A-7B8E-4B47-9E0C-F1DF91971CC2}.Release|Any CPU.ActiveCfg = Release|Any CPU
		{94FA8A9A-7B8E-4B47-9E0C-F1DF91971CC2}.Release|Any CPU.Build.0 = Release|Any CPU
		{5A4091B7-D3F4-4EA8-B6BB-A39C9AE22629}.Debug|Any CPU.ActiveCfg = Debug|Any CPU
		{5A4091B7-D3F4-4EA8-B6BB-A39C9AE22629}.Debug|Any CPU.Build.0 = Debug|Any CPU
		{5A4091B7-D3F4-4EA8-B6BB-A39C9AE22629}.Release|Any CPU.ActiveCfg = Release|Any CPU
		{5A4091B7-D3F4-4EA8-B6BB-A39C9AE22629}.Release|Any CPU.Build.0 = Release|Any CPU
		{C25944DD-68C1-4F24-83CD-5A623C7A15CC}.Debug|Any CPU.ActiveCfg = Debug|Any CPU
		{C25944DD-68C1-4F24-83CD-5A623C7A15CC}.Debug|Any CPU.Build.0 = Debug|Any CPU
		{C25944DD-68C1-4F24-83CD-5A623C7A15CC}.Release|Any CPU.ActiveCfg = Release|Any CPU
		{C25944DD-68C1-4F24-83CD-5A623C7A15CC}.Release|Any CPU.Build.0 = Release|Any CPU
	EndGlobalSection
	GlobalSection(SolutionProperties) = preSolution
		HideSolutionNode = FALSE
	EndGlobalSection
	GlobalSection(ExtensibilityGlobals) = postSolution
		SolutionGuid = {BE280824-F0BE-4502-95E4-958D4608ED07}
	EndGlobalSection
EndGlobal
